
Microsoft Visual Studio Solution File, Format Version 11.00
# Visual Studio 2010
Project("{FAE04EC0-301F-11D3-BF4B-00C04F79EFBC}") = "SGCombo.Net.Update.Downloader", "SGCombo.Net.Update.Downloader\SGCombo.Net.Update.Downloader.csproj", "{18A2758E-D579-4361-B535-9C985DA9F2EB}"
EndProject
Global
	GlobalSection(SolutionConfigurationPlatforms) = preSolution
		Debug|Any CPU = Debug|Any CPU
		Release|Any CPU = Release|Any CPU
	EndGlobalSection
	GlobalSection(ProjectConfigurationPlatforms) = postSolution
		{18A2758E-D579-4361-B535-9C985DA9F2EB}.Debug|Any CPU.ActiveCfg = Debug|Any CPU
		{18A2758E-D579-4361-B535-9C985DA9F2EB}.Debug|Any CPU.Build.0 = Debug|Any CPU
		{18A2758E-D579-4361-B535-9C985DA9F2EB}.Release|Any CPU.ActiveCfg = Release|Any CPU
		{18A2758E-D579-4361-B535-9C985DA9F2EB}.Release|Any CPU.Build.0 = Release|Any CPU
	EndGlobalSection
	GlobalSection(SolutionProperties) = preSolution
		HideSolutionNode = FALSE
	EndGlobalSection
EndGlobal
